
Microsoft Visual Studio Solution File, Format Version 12.00
# Visual Studio Version 16
VisualStudioVersion = 16.0.36128.20
MinimumVisualStudioVersion = 10.0.40219.1
Project("{FAE04EC0-301F-11D3-BF4B-00C04F79EFBC}") = "AppleShop", "AppleShop.csproj", "{D6F49673-4A45-473F-8B88-2A13BC20A4CC}"
EndProject
Global
	GlobalSection(SolutionConfigurationPlatforms) = preSolution
		Debug|Any CPU = Debug|Any CPU
		Release|Any CPU = Release|Any CPU
	EndGlobalSection
	GlobalSection(ProjectConfigurationPlatforms) = postSolution
		{D6F49673-4A45-473F-8B88-2A13BC20A4CC}.Debug|Any CPU.ActiveCfg = Debug|Any CPU
		{D6F49673-4A45-473F-8B88-2A13BC20A4CC}.Debug|Any CPU.Build.0 = Debug|Any CPU
		{D6F49673-4A45-473F-8B88-2A13BC20A4CC}.Release|Any CPU.ActiveCfg = Release|Any CPU
		{D6F49673-4A45-473F-8B88-2A13BC20A4CC}.Release|Any CPU.Build.0 = Release|Any CPU
	EndGlobalSection
	GlobalSection(SolutionProperties) = preSolution
		HideSolutionNode = FALSE
	EndGlobalSection
	GlobalSection(ExtensibilityGlobals) = postSolution
		SolutionGuid = {2B95A247-CABC-416B-AA9F-04579F0EFB51}
	EndGlobalSection
EndGlobal
